// !$*UTF8*$!
{
	archiveVersion = 1;
	classes = {
	};
	objectVersion = 50;
	objects = {

/* Begin PBXBuildFile section */
		3BC861DA255AE19900D31916 /* AppDelegate.swift in Sources */ = {isa = PBXBuildFile; fileRef = 3BC861D9255AE19900D31916 /* AppDelegate.swift */; };
		3BC861DC255AE19900D31916 /* SceneDelegate.swift in Sources */ = {isa = PBXBuildFile; fileRef = 3BC861DB255AE19900D31916 /* SceneDelegate.swift */; };
		3BC861DE255AE19900D31916 /* ViewController.swift in Sources */ = {isa = PBXBuildFile; fileRef = 3BC861DD255AE19900D31916 /* ViewController.swift */; };
		3BC861E1255AE19900D31916 /* Main.storyboard in Resources */ = {isa = PBXBuildFile; fileRef = 3BC861DF255AE19900D31916 /* Main.storyboard */; };
		3BC861E3255AE19A00D31916 /* Assets.xcassets in Resources */ = {isa = PBXBuildFile; fileRef = 3BC861E2255AE19A00D31916 /* Assets.xcassets */; };
		3BC861E6255AE19A00D31916 /* LaunchScreen.storyboard in Resources */ = {isa = PBXBuildFile; fileRef = 3BC861E4255AE19A00D31916 /* LaunchScreen.storyboard */; };
		3BC861F1255AE19A00D31916 /* BountyListTests.swift in Sources */ = {isa = PBXBuildFile; fileRef = 3BC861F0255AE19A00D31916 /* BountyListTests.swift */; };
		3BC861FC255AE19A00D31916 /* BountyListUITests.swift in Sources */ = {isa = PBXBuildFile; fileRef = 3BC861FB255AE19A00D31916 /* BountyListUITests.swift */; };
/* End PBXBuildFile section */

/* Begin PBXContainerItemProxy section */
		3BC861ED255AE19A00D31916 /* PBXContainerItemProxy */ = {
			isa = PBXContainerItemProxy;
			containerPortal = 3BC861CE255AE19900D31916 /* Project object */;
			proxyType = 1;
			remoteGlobalIDString = 3BC861D5255AE19900D31916;
			remoteInfo = BountyList;
		};
		3BC861F8255AE19A00D31916 /* PBXContainerItemProxy */ = {
			isa = PBXContainerItemProxy;
			containerPortal = 3BC861CE255AE19900D31916 /* Project object */;
			proxyType = 1;
			remoteGlobalIDString = 3BC861D5255AE19900D31916;
			remoteInfo = BountyList;
		};
/* End PBXContainerItemProxy section */

/* Begin PBXFileReference section */
		3BC861D6255AE19900D31916 /* BountyList.app */ = {isa = PBXFileReference; explicitFileType = wrapper.application; includeInIndex = 0; path = BountyList.app; sourceTree = BUILT_PRODUCTS_DIR; };
		3BC861D9255AE19900D31916 /* AppDelegate.swift */ = {isa = PBXFileReference; lastKnownFileType = sourcecode.swift; path = AppDelegate.swift; sourceTree = "<group>"; };
		3BC861DB255AE19900D31916 /* SceneDelegate.swift */ = {isa = PBXFileReference; lastKnownFileType = sourcecode.swift; path = SceneDelegate.swift; sourceTree = "<group>"; };
		3BC861DD255AE19900D31916 /* ViewController.swift */ = {isa = PBXFileReference; lastKnownFileType = sourcecode.swift; path = ViewController.swift; sourceTree = "<group>"; };
		3BC861E0255AE19900D31916 /* Base */ = {isa = PBXFileReference; lastKnownFileType = file.storyboard; name = Base; path = Base.lproj/Main.storyboard; sourceTree = "<group>"; };
		3BC861E2255AE19A00D31916 /* Assets.xcassets */ = {isa = PBXFileReference; lastKnownFileType = folder.assetcatalog; path = Assets.xcassets; sourceTree = "<group>"; };
		3BC861E5255AE19A00D31916 /* Base */ = {isa = PBXFileReference; lastKnownFileType = file.storyboard; name = Base; path = Base.lproj/LaunchScreen.storyboard; sourceTree = "<group>"; };
		3BC861E7255AE19A00D31916 /* Info.plist */ = {isa = PBXFileReference; lastKnownFileType = text.plist.xml; path = Info.plist; sourceTree = "<group>"; };
		3BC861EC255AE19A00D31916 /* BountyListTests.xctest */ = {isa = PBXFileReference; explicitFileType = wrapper.cfbundle; includeInIndex = 0; path = BountyListTests.xctest; sourceTree = BUILT_PRODUCTS_DIR; };
		3BC861F0255AE19A00D31916 /* BountyListTests.swift */ = {isa = PBXFileReference; lastKnownFileType = sourcecode.swift; path = BountyListTests.swift; sourceTree = "<group>"; };
		3BC861F2255AE19A00D31916 /* Info.plist */ = {isa = PBXFileReference; lastKnownFileType = text.plist.xml; path = Info.plist; sourceTree = "<group>"; };
		3BC861F7255AE19A00D31916 /* BountyListUITests.xctest */ = {isa = PBXFileReference; explicitFileType = wrapper.cfbundle; includeInIndex = 0; path = BountyListUITests.xctest; sourceTree = BUILT_PRODUCTS_DIR; };
		3BC861FB255AE19A00D31916 /* BountyListUITests.swift */ = {isa = PBXFileReference; lastKnownFileType = sourcecode.swift; path = BountyListUITests.swift; sourceTree = "<group>"; };
		3BC861FD255AE19A00D31916 /* Info.plist */ = {isa = PBXFileReference; lastKnownFileType = text.plist.xml; path = Info.plist; sourceTree = "<group>"; };
/* End PBXFileReference section */

/* Begin PBXFrameworksBuildPhase section */
		3BC861D3255AE19900D31916 /* Frameworks */ = {
			isa = PBXFrameworksBuildPhase;
			buildActionMask = 2147483647;
			files = (
			);
			runOnlyForDeploymentPostprocessing = 0;
		};
		3BC861E9255AE19A00D31916 /* Frameworks */ = {
			isa = PBXFrameworksBuildPhase;
			buildActionMask = 2147483647;
			files = (
			);
			runOnlyForDeploymentPostprocessing = 0;
		};
		3BC861F4255AE19A00D31916 /* Frameworks */ = {
			isa = PBXFrameworksBuildPhase;
			buildActionMask = 2147483647;
			files = (
			);
			runOnlyForDeploymentPostprocessing = 0;
		};
/* End PBXFrameworksBuildPhase section */

/* Begin PBXGroup section */
		3BC861CD255AE19900D31916 = {
			isa = PBXGroup;
			children = (
				3BC861D8255AE19900D31916 /* BountyList */,
				3BC861EF255AE19A00D31916 /* BountyListTests */,
				3BC861FA255AE19A00D31916 /* BountyListUITests */,
				3BC861D7255AE19900D31916 /* Products */,
			);
			sourceTree = "<group>";
		};
		3BC861D7255AE19900D31916 /* Products */ = {
			isa = PBXGroup;
			children = (
				3BC861D6255AE19900D31916 /* BountyList.app */,
				3BC861EC255AE19A00D31916 /* BountyListTests.xctest */,
				3BC861F7255AE19A00D31916 /* BountyListUITests.xctest */,
			);
			name = Products;
			sourceTree = "<group>";
		};
		3BC861D8255AE19900D31916 /* BountyList */ = {
			isa = PBXGroup;
			children = (
				3BC861D9255AE19900D31916 /* AppDelegate.swift */,
				3BC861DB255AE19900D31916 /* SceneDelegate.swift */,
				3BC861DD255AE19900D31916 /* ViewController.swift */,
				3BC861DF255AE19900D31916 /* Main.storyboard */,
				3BC861E2255AE19A00D31916 /* Assets.xcassets */,
				3BC861E4255AE19A00D31916 /* LaunchScreen.storyboard */,
				3BC861E7255AE19A00D31916 /* Info.plist */,
			);
			path = BountyList;
			sourceTree = "<group>";
		};
		3BC861EF255AE19A00D31916 /* BountyListTests */ = {
			isa = PBXGroup;
			children = (
				3BC861F0255AE19A00D31916 /* BountyListTests.swift */,
				3BC861F2255AE19A00D31916 /* Info.plist */,
			);
			path = BountyListTests;
			sourceTree = "<group>";
		};
		3BC861FA255AE19A00D31916 /* BountyListUITests */ = {
			isa = PBXGroup;
			children = (
				3BC861FB255AE19A00D31916 /* BountyListUITests.swift */,
				3BC861FD255AE19A00D31916 /* Info.plist */,
			);
			path = BountyListUITests;
			sourceTree = "<group>";
		};
/* End PBXGroup section */

/* Begin PBXNativeTarget section */
		3BC861D5255AE19900D31916 /* BountyList */ = {
			isa = PBXNativeTarget;
			buildConfigurationList = 3BC86200255AE19A00D31916 /* Build configuration list for PBXNativeTarget "BountyList" */;
			buildPhases = (
				3BC861D2255AE19900D31916 /* Sources */,
				3BC861D3255AE19900D31916 /* Frameworks */,
				3BC861D4255AE19900D31916 /* Resources */,
			);
			buildRules = (
			);
			dependencies = (
			);
			name = BountyList;
			productName = BountyList;
			productReference = 3BC861D6255AE19900D31916 /* BountyList.app */;
			productType = "com.apple.product-type.application";
		};
		3BC861EB255AE19A00D31916 /* BountyListTests */ = {
			isa = PBXNativeTarget;
			buildConfigurationList = 3BC86203255AE19A00D31916 /* Build configuration list for PBXNativeTarget "BountyListTests" */;
			buildPhases = (
				3BC861E8255AE19A00D31916 /* Sources */,
				3BC861E9255AE19A00D31916 /* Frameworks */,
				3BC861EA255AE19A00D31916 /* Resources */,
			);
			buildRules = (
			);
			dependencies = (
				3BC861EE255AE19A00D31916 /* PBXTargetDependency */,
			);
			name = BountyListTests;
			productName = BountyListTests;
			productReference = 3BC861EC255AE19A00D31916 /* BountyListTests.xctest */;
			productType = "com.apple.product-type.bundle.unit-test";
		};
		3BC861F6255AE19A00D31916 /* BountyListUITests */ = {
			isa = PBXNativeTarget;
			buildConfigurationList = 3BC86206255AE19A00D31916 /* Build configuration list for PBXNativeTarget "BountyListUITests" */;
			buildPhases = (
				3BC861F3255AE19A00D31916 /* Sources */,
				3BC861F4255AE19A00D31916 /* Frameworks */,
				3BC861F5255AE19A00D31916 /* Resources */,
			);
			buildRules = (
			);
			dependencies = (
				3BC861F9255AE19A00D31916 /* PBXTargetDependency */,
			);
			name = BountyListUITests;
			productName = BountyListUITests;
			productReference = 3BC861F7255AE19A00D31916 /* BountyListUITests.xctest */;
			productType = "com.apple.product-type.bundle.ui-testing";
		};
/* End PBXNativeTarget section */

/* Begin PBXProject section */
		3BC861CE255AE19900D31916 /* Project object */ = {
			isa = PBXProject;
			attributes = {
				LastSwiftUpdateCheck = 1210;
				LastUpgradeCheck = 1210;
				TargetAttributes = {
					3BC861D5255AE19900D31916 = {
						CreatedOnToolsVersion = 12.1;
					};
					3BC861EB255AE19A00D31916 = {
						CreatedOnToolsVersion = 12.1;
						TestTargetID = 3BC861D5255AE19900D31916;
					};
					3BC861F6255AE19A00D31916 = {
						CreatedOnToolsVersion = 12.1;
						TestTargetID = 3BC861D5255AE19900D31916;
					};
				};
			};
			buildConfigurationList = 3BC861D1255AE19900D31916 /* Build configuration list for PBXProject "BountyList" */;
			compatibilityVersion = "Xcode 9.3";
			developmentRegion = en;
			hasScannedForEncodings = 0;
			knownRegions = (
				en,
				Base,
			);
			mainGroup = 3BC861CD255AE19900D31916;
			productRefGroup = 3BC861D7255AE19900D31916 /* Products */;
			projectDirPath = "";
			projectRoot = "";
			targets = (
				3BC861D5255AE19900D31916 /* BountyList */,
				3BC861EB255AE19A00D31916 /* BountyListTests */,
				3BC861F6255AE19A00D31916 /* BountyListUITests */,
			);
		};
/* End PBXProject section */

/* Begin PBXResourcesBuildPhase section */
		3BC861D4255AE19900D31916 /* Resources */ = {
			isa = PBXResourcesBuildPhase;
			buildActionMask = 2147483647;
			files = (
				3BC861E6255AE19A00D31916 /* LaunchScreen.storyboard in Resources */,
				3BC861E3255AE19A00D31916 /* Assets.xcassets in Resources */,
				3BC861E1255AE19900D31916 /* Main.storyboard in Resources */,
			);
			runOnlyForDeploymentPostprocessing = 0;
		};
		3BC861EA255AE19A00D31916 /* Resources */ = {
			isa = PBXResourcesBuildPhase;
			buildActionMask = 2147483647;
			files = (
			);
			runOnlyForDeploymentPostprocessing = 0;
		};
		3BC861F5255AE19A00D31916 /* Resources */ = {
			isa = PBXResourcesBuildPhase;
			buildActionMask = 2147483647;
			files = (
			);
			runOnlyForDeploymentPostprocessing = 0;
		};
/* End PBXResourcesBuildPhase section */

/* Begin PBXSourcesBuildPhase section */
		3BC861D2255AE19900D31916 /* Sources */ = {
			isa = PBXSourcesBuildPhase;
			buildActionMask = 2147483647;
			files = (
				3BC861DE255AE19900D31916 /* ViewController.swift in Sources */,
				3BC861DA255AE19900D31916 /* AppDelegate.swift in Sources */,
				3BC861DC255AE19900D31916 /* SceneDelegate.swift in Sources */,
			);
			runOnlyForDeploymentPostprocessing = 0;
		};
		3BC861E8255AE19A00D31916 /* Sources */ = {
			isa = PBXSourcesBuildPhase;
			buildActionMask = 2147483647;
			files = (
				3BC861F1255AE19A00D31916 /* BountyListTests.swift in Sources */,
			);
			runOnlyForDeploymentPostprocessing = 0;
		};
		3BC861F3255AE19A00D31916 /* Sources */ = {
			isa = PBXSourcesBuildPhase;
			buildActionMask = 2147483647;
			files = (
				3BC861FC255AE19A00D31916 /* BountyListUITests.swift in Sources */,
			);
			runOnlyForDeploymentPostprocessing = 0;
		};
/* End PBXSourcesBuildPhase section */

/* Begin PBXTargetDependency section */
		3BC861EE255AE19A00D31916 /* PBXTargetDependency */ = {
			isa = PBXTargetDependency;
			target = 3BC861D5255AE19900D31916 /* BountyList */;
			targetProxy = 3BC861ED255AE19A00D31916 /* PBXContainerItemProxy */;
		};
		3BC861F9255AE19A00D31916 /* PBXTargetDependency */ = {
			isa = PBXTargetDependency;
			target = 3BC861D5255AE19900D31916 /* BountyList */;
			targetProxy = 3BC861F8255AE19A00D31916 /* PBXContainerItemProxy */;
		};
/* End PBXTargetDependency section */

/* Begin PBXVariantGroup section */
		3BC861DF255AE19900D31916 /* Main.storyboard */ = {
			isa = PBXVariantGroup;
			children = (
				3BC861E0255AE19900D31916 /* Base */,
			);
			name = Main.storyboard;
			sourceTree = "<group>";
		};
		3BC861E4255AE19A00D31916 /* LaunchScreen.storyboard */ = {
			isa = PBXVariantGroup;
			children = (
				3BC861E5255AE19A00D31916 /* Base */,
			);
			name = LaunchScreen.storyboard;
			sourceTree = "<group>";
		};
/* End PBXVariantGroup section */

/* Begin XCBuildConfiguration section */
		3BC861FE255AE19A00D31916 /* Debug */ = {
			isa = XCBuildConfiguration;
			buildSettings = {
				ALWAYS_SEARCH_USER_PATHS = NO;
				CLANG_ANALYZER_NONNULL = YES;
				CLANG_ANALYZER_NUMBER_OBJECT_CONVERSION = YES_AGGRESSIVE;
				CLANG_CXX_LANGUAGE_STANDARD = "gnu++14";
				CLANG_CXX_LIBRARY = "libc++";
				CLANG_ENABLE_MODULES = YES;
				CLANG_ENABLE_OBJC_ARC = YES;
				CLANG_ENABLE_OBJC_WEAK = YES;
				CLANG_WARN_BLOCK_CAPTURE_AUTORELEASING = YES;
				CLANG_WARN_BOOL_CONVERSION = YES;
				CLANG_WARN_COMMA = YES;
				CLANG_WARN_CONSTANT_CONVERSION = YES;
				CLANG_WARN_DEPRECATED_OBJC_IMPLEMENTATIONS = YES;
				CLANG_WARN_DIRECT_OBJC_ISA_USAGE = YES_ERROR;
				CLANG_WARN_DOCUMENTATION_COMMENTS = YES;
				CLANG_WARN_EMPTY_BODY = YES;
				CLANG_WARN_ENUM_CONVERSION = YES;
				CLANG_WARN_INFINITE_RECURSION = YES;
				CLANG_WARN_INT_CONVERSION = YES;
				CLANG_WARN_NON_LITERAL_NULL_CONVERSION = YES;
				CLANG_WARN_OBJC_IMPLICIT_RETAIN_SELF = YES;
				CLANG_WARN_OBJC_LITERAL_CONVERSION = YES;
				CLANG_WARN_OBJC_ROOT_CLASS = YES_ERROR;
				CLANG_WARN_QUOTED_INCLUDE_IN_FRAMEWORK_HEADER = YES;
				CLANG_WARN_RANGE_LOOP_ANALYSIS = YES;
				CLANG_WARN_STRICT_PROTOTYPES = YES;
				CLANG_WARN_SUSPICIOUS_MOVE = YES;
				CLANG_WARN_UNGUARDED_AVAILABILITY = YES_AGGRESSIVE;
				CLANG_WARN_UNREACHABLE_CODE = YES;
				CLANG_WARN__DUPLICATE_METHOD_MATCH = YES;
				COPY_PHASE_STRIP = NO;
				DEBUG_INFORMATION_FORMAT = dwarf;
				ENABLE_STRICT_OBJC_MSGSEND = YES;
				ENABLE_TESTABILITY = YES;
				GCC_C_LANGUAGE_STANDARD = gnu11;
				GCC_DYNAMIC_NO_PIC = NO;
				GCC_NO_COMMON_BLOCKS = YES;
				GCC_OPTIMIZATION_LEVEL = 0;
				GCC_PREPROCESSOR_DEFINITIONS = (
					"DEBUG=1",
					"$(inherited)",
				);
				GCC_WARN_64_TO_32_BIT_CONVERSION = YES;
				GCC_WARN_ABOUT_RETURN_TYPE = YES_ERROR;
				GCC_WARN_UNDECLARED_SELECTOR = YES;
				GCC_WARN_UNINITIALIZED_AUTOS = YES_AGGRESSIVE;
				GCC_WARN_UNUSED_FUNCTION = YES;
				GCC_WARN_UNUSED_VARIABLE = YES;
				IPHONEOS_DEPLOYMENT_TARGET = 14.1;
				MTL_ENABLE_DEBUG_INFO = INCLUDE_SOURCE;
				MTL_FAST_MATH = YES;
				ONLY_ACTIVE_ARCH = YES;
				SDKROOT = iphoneos;
				SWIFT_ACTIVE_COMPILATION_CONDITIONS = DEBUG;
				SWIFT_OPTIMIZATION_LEVEL = "-Onone";
			};
			name = Debug;
		};
		3BC861FF255AE19A00D31916 /* Release */ = {
			isa = XCBuildConfiguration;
			buildSettings = {
				ALWAYS_SEARCH_USER_PATHS = NO;
				CLANG_ANALYZER_NONNULL = YES;
				CLANG_ANALYZER_NUMBER_OBJECT_CONVERSION = YES_AGGRESSIVE;
				CLANG_CXX_LANGUAGE_STANDARD = "gnu++14";
				CLANG_CXX_LIBRARY = "libc++";
				CLANG_ENABLE_MODULES = YES;
				CLANG_ENABLE_OBJC_ARC = YES;
				CLANG_ENABLE_OBJC_WEAK = YES;
				CLANG_WARN_BLOCK_CAPTURE_AUTORELEASING = YES;
				CLANG_WARN_BOOL_CONVERSION = YES;
				CLANG_WARN_COMMA = YES;
				CLANG_WARN_CONSTANT_CONVERSION = YES;
				CLANG_WARN_DEPRECATED_OBJC_IMPLEMENTATIONS = YES;
				CLANG_WARN_DIRECT_OBJC_ISA_USAGE = YES_ERROR;
				CLANG_WARN_DOCUMENTATION_COMMENTS = YES;
				CLANG_WARN_EMPTY_BODY = YES;
				CLANG_WARN_ENUM_CONVERSION = YES;
				CLANG_WARN_INFINITE_RECURSION = YES;
				CLANG_WARN_INT_CONVERSION = YES;
				CLANG_WARN_NON_LITERAL_NULL_CONVERSION = YES;
				CLANG_WARN_OBJC_IMPLICIT_RETAIN_SELF = YES;
				CLANG_WARN_OBJC_LITERAL_CONVERSION = YES;
				CLANG_WARN_OBJC_ROOT_CLASS = YES_ERROR;
				CLANG_WARN_QUOTED_INCLUDE_IN_FRAMEWORK_HEADER = YES;
				CLANG_WARN_RANGE_LOOP_ANALYSIS = YES;
				CLANG_WARN_STRICT_PROTOTYPES = YES;
				CLANG_WARN_SUSPICIOUS_MOVE = YES;
				CLANG_WARN_UNGUARDED_AVAILABILITY = YES_AGGRESSIVE;
				CLANG_WARN_UNREACHABLE_CODE = YES;
				CLANG_WARN__DUPLICATE_METHOD_MATCH = YES;
				COPY_PHASE_STRIP = NO;
				DEBUG_INFORMATION_FORMAT = "dwarf-with-dsym";
				ENABLE_NS_ASSERTIONS = NO;
				ENABLE_STRICT_OBJC_MSGSEND = YES;
				GCC_C_LANGUAGE_STANDARD = gnu11;
				GCC_NO_COMMON_BLOCKS = YES;
				GCC_WARN_64_TO_32_BIT_CONVERSION = YES;
				GCC_WARN_ABOUT_RETURN_TYPE = YES_ERROR;
				GCC_WARN_UNDECLARED_SELECTOR = YES;
				GCC_WARN_UNINITIALIZED_AUTOS = YES_AGGRESSIVE;
				GCC_WARN_UNUSED_FUNCTION = YES;
				GCC_WARN_UNUSED_VARIABLE = YES;
				IPHONEOS_DEPLOYMENT_TARGET = 14.1;
				MTL_ENABLE_DEBUG_INFO = NO;
				MTL_FAST_MATH = YES;
				SDKROOT = iphoneos;
				SWIFT_COMPILATION_MODE = wholemodule;
				SWIFT_OPTIMIZATION_LEVEL = "-O";
				VALIDATE_PRODUCT = YES;
			};
			name = Release;
		};
		3BC86201255AE19A00D31916 /* Debug */ = {
			isa = XCBuildConfiguration;
			buildSettings = {
				ASSETCATALOG_COMPILER_APPICON_NAME = AppIcon;
				ASSETCATALOG_COMPILER_GLOBAL_ACCENT_COLOR_NAME = AccentColor;
				CODE_SIGN_STYLE = Automatic;
				INFOPLIST_FILE = BountyList/Info.plist;
				LD_RUNPATH_SEARCH_PATHS = (
					"$(inherited)",
					"@executable_path/Frameworks",
				);
				PRODUCT_BUNDLE_IDENTIFIER = com.kim.BountyList;
				PRODUCT_NAME = "$(TARGET_NAME)";
				SWIFT_VERSION = 5.0;
				TARGETED_DEVICE_FAMILY = "1,2";
			};
			name = Debug;
		};
		3BC86202255AE19A00D31916 /* Release */ = {
			isa = XCBuildConfiguration;
			buildSettings = {
				ASSETCATALOG_COMPILER_APPICON_NAME = AppIcon;
				ASSETCATALOG_COMPILER_GLOBAL_ACCENT_COLOR_NAME = AccentColor;
				CODE_SIGN_STYLE = Automatic;
				INFOPLIST_FILE = BountyList/Info.plist;
				LD_RUNPATH_SEARCH_PATHS = (
					"$(inherited)",
					"@executable_path/Frameworks",
				);
				PRODUCT_BUNDLE_IDENTIFIER = com.kim.BountyList;
				PRODUCT_NAME = "$(TARGET_NAME)";
				SWIFT_VERSION = 5.0;
				TARGETED_DEVICE_FAMILY = "1,2";
			};
			name = Release;
		};
		3BC86204255AE19A00D31916 /* Debug */ = {
			isa = XCBuildConfiguration;
			buildSettings = {
				ALWAYS_EMBED_SWIFT_STANDARD_LIBRARIES = YES;
				BUNDLE_LOADER = "$(TEST_HOST)";
				CODE_SIGN_STYLE = Automatic;
				INFOPLIST_FILE = BountyListTests/Info.plist;
				IPHONEOS_DEPLOYMENT_TARGET = 14.1;
				LD_RUNPATH_SEARCH_PATHS = (
					"$(inherited)",
					"@executable_path/Frameworks",
					"@loader_path/Frameworks",
				);
				PRODUCT_BUNDLE_IDENTIFIER = com.kim.BountyListTests;
				PRODUCT_NAME = "$(TARGET_NAME)";
				SWIFT_VERSION = 5.0;
				TARGETED_DEVICE_FAMILY = "1,2";
				TEST_HOST = "$(BUILT_PRODUCTS_DIR)/BountyList.app/BountyList";
			};
			name = Debug;
		};
		3BC86205255AE19A00D31916 /* Release */ = {
			isa = XCBuildConfiguration;
			buildSettings = {
				ALWAYS_EMBED_SWIFT_STANDARD_LIBRARIES = YES;
				BUNDLE_LOADER = "$(TEST_HOST)";
				CODE_SIGN_STYLE = Automatic;
				INFOPLIST_FILE = BountyListTests/Info.plist;
				IPHONEOS_DEPLOYMENT_TARGET = 14.1;
				LD_RUNPATH_SEARCH_PATHS = (
					"$(inherited)",
					"@executable_path/Frameworks",
					"@loader_path/Frameworks",
				);
				PRODUCT_BUNDLE_IDENTIFIER = com.kim.BountyListTests;
				PRODUCT_NAME = "$(TARGET_NAME)";
				SWIFT_VERSION = 5.0;
				TARGETED_DEVICE_FAMILY = "1,2";
				TEST_HOST = "$(BUILT_PRODUCTS_DIR)/BountyList.app/BountyList";
			};
			name = Release;
		};
		3BC86207255AE19A00D31916 /* Debug */ = {
			isa = XCBuildConfiguration;
			buildSettings = {
				ALWAYS_EMBED_SWIFT_STANDARD_LIBRARIES = YES;
				CODE_SIGN_STYLE = Automatic;
				INFOPLIST_FILE = BountyListUITests/Info.plist;
				LD_RUNPATH_SEARCH_PATHS = (
					"$(inherited)",
					"@executable_path/Frameworks",
					"@loader_path/Frameworks",
				);
				PRODUCT_BUNDLE_IDENTIFIER = com.kim.BountyListUITests;
				PRODUCT_NAME = "$(TARGET_NAME)";
				SWIFT_VERSION = 5.0;
				TARGETED_DEVICE_FAMILY = "1,2";
				TEST_TARGET_NAME = BountyList;
			};
			name = Debug;
		};
		3BC86208255AE19A00D31916 /* Release */ = {
			isa = XCBuildConfiguration;
			buildSettings = {
				ALWAYS_EMBED_SWIFT_STANDARD_LIBRARIES = YES;
				CODE_SIGN_STYLE = Automatic;
				INFOPLIST_FILE = BountyListUITests/Info.plist;
				LD_RUNPATH_SEARCH_PATHS = (
					"$(inherited)",
					"@executable_path/Frameworks",
					"@loader_path/Frameworks",
				);
				PRODUCT_BUNDLE_IDENTIFIER = com.kim.BountyListUITests;
				PRODUCT_NAME = "$(TARGET_NAME)";
				SWIFT_VERSION = 5.0;
				TARGETED_DEVICE_FAMILY = "1,2";
				TEST_TARGET_NAME = BountyList;
			};
			name = Release;
		};
/* End XCBuildConfiguration section */

/* Begin XCConfigurationList section */
		3BC861D1255AE19900D31916 /* Build configuration list for PBXProject "BountyList" */ = {
			isa = XCConfigurationList;
			buildConfigurations = (
				3BC861FE255AE19A00D31916 /* Debug */,
				3BC861FF255AE19A00D31916 /* Release */,
			);
			defaultConfigurationIsVisible = 0;
			defaultConfigurationName = Release;
		};
		3BC86200255AE19A00D31916 /* Build configuration list for PBXNativeTarget "BountyList" */ = {
			isa = XCConfigurationList;
			buildConfigurations = (
				3BC86201255AE19A00D31916 /* Debug */,
				3BC86202255AE19A00D31916 /* Release */,
			);
			defaultConfigurationIsVisible = 0;
			defaultConfigurationName = Release;
		};
		3BC86203255AE19A00D31916 /* Build configuration list for PBXNativeTarget "BountyListTests" */ = {
			isa = XCConfigurationList;
			buildConfigurations = (
				3BC86204255AE19A00D31916 /* Debug */,
				3BC86205255AE19A00D31916 /* Release */,
			);
			defaultConfigurationIsVisible = 0;
			defaultConfigurationName = Release;
		};
		3BC86206255AE19A00D31916 /* Build configuration list for PBXNativeTarget "BountyListUITests" */ = {
			isa = XCConfigurationList;
			buildConfigurations = (
				3BC86207255AE19A00D31916 /* Debug */,
				3BC86208255AE19A00D31916 /* Release */,
			);
			defaultConfigurationIsVisible = 0;
			defaultConfigurationName = Release;
		};
/* End XCConfigurationList section */
	};
	rootObject = 3BC861CE255AE19900D31916 /* Project object */;
}
